
Microsoft Visual Studio Solution File, Format Version 10.00
# Visual Studio 2008
Project("{8BC9CEB8-8B4A-11D0-8D11-00A0C91BC942}") = "SetPrjProps", "SetPrjProps\SetPrjProps.vcproj", "{01EA6707-BDD4-4074-A5F0-CBCEB660E094}"
EndProject
Global
	GlobalSection(SolutionConfigurationPlatforms) = preSolution
		Debug|Win32 = Debug|Win32
		Release|Win32 = Release|Win32
	EndGlobalSection
	GlobalSection(ProjectConfigurationPlatforms) = postSolution
		{01EA6707-BDD4-4074-A5F0-CBCEB660E094}.Debug|Win32.ActiveCfg = Debug|Win32
		{01EA6707-BDD4-4074-A5F0-CBCEB660E094}.Debug|Win32.Build.0 = Debug|Win32
		{01EA6707-BDD4-4074-A5F0-CBCEB660E094}.Release|Win32.ActiveCfg = Release|Win32
		{01EA6707-BDD4-4074-A5F0-CBCEB660E094}.Release|Win32.Build.0 = Release|Win32
	EndGlobalSection
	GlobalSection(SolutionProperties) = preSolution
		HideSolutionNode = FALSE
	EndGlobalSection
EndGlobal
